# Generated by pub
# See https://dart.dev/tools/pub/glossary#lockfile
packages:
  adt_annotation_base:
    dependency: "direct main"
    description:
      name: adt_annotation_base
      url: "http://192.168.1.157:4000"
    source: hosted
    version: "3.0.2"
  collection:
    dependency: transitive
    description:
      name: collection
      url: "http://192.168.1.157:4000"
    source: hosted
    version: "1.16.0"
  lints:
    dependency: "direct dev"
    description:
      name: lints
      url: "http://192.168.1.157:4000"
    source: hosted
    version: "1.0.1"
  meta:
    dependency: transitive
    description:
      name: meta
      url: "http://192.168.1.157:4000"
    source: hosted
    version: "1.8.0"
  utils:
    dependency: "direct main"
    description:
      name: utils
      url: "http://192.168.1.157:4000"
    source: hosted
    version: "3.0.4"
sdks:
  dart: ">=2.16.0 <3.0.0"
