# Generated by pub
# See https://dart.dev/tools/pub/glossary#lockfile
packages:
  adt_annotation_base:
    dependency: "direct main"
    description:
      name: adt_annotation_base
      url: "https://pub.dartlang.org"
    source: hosted
    version: "3.0.7"
  collection:
    dependency: transitive
    description:
      name: collection
      url: "https://pub.dartlang.org"
    source: hosted
    version: "1.16.0"
  kalil_utils:
    dependency: "direct main"
    description:
      name: kalil_utils
      url: "https://pub.dartlang.org"
    source: hosted
    version: "3.0.4"
  lints:
    dependency: "direct dev"
    description:
      name: lints
      url: "https://pub.dartlang.org"
    source: hosted
    version: "1.0.1"
  meta:
    dependency: transitive
    description:
      name: meta
      url: "https://pub.dartlang.org"
    source: hosted
    version: "1.8.0"
sdks:
  dart: ">=2.16.0 <3.0.0"
